PODS:
  - Alamofire (5.4.4)
  - AlamofireImage (4.2.0):
    - Alamofire (~> 5.4)
  - Realm (10.18.0):
    - Realm/Headers (= 10.18.0)
  - Realm/Headers (10.18.0)

DEPENDENCIES:
  - Alamofire (~> 5.4)
  - AlamofireImage (~> 4.1)
  - Realm (~> 10.18)

SPEC REPOS:
  trunk:
    - Alamofire
    - AlamofireImage
    - Realm

SPEC CHECKSUMS:
  Alamofire: f3b09a368f1582ab751b3fff5460276e0d2cf5c9
  AlamofireImage: 34a2d90b0e5fe6a5605f85ae4b7b01e784c60192
  Realm: b8b0a36bf48c39c50fd8cee7ac34005e6d887ddd

PODFILE CHECKSUM: 8e99c183bcbac98f1034019554bd4cf454e1c3c1

COCOAPODS: 1.11.2
